
Microsoft Visual Studio Solution File, Format Version 12.00
# Visual Studio Version 17
VisualStudioVersion = 17.3.32929.385
MinimumVisualStudioVersion = 10.0.40219.1
Project("{FAE04EC0-301F-11D3-BF4B-00C04F79EFBC}") = "Receptari", "Receptari.csproj", "{6B86A539-94A4-4E92-884D-491DD3213C43}"
EndProject
Global
	GlobalSection(SolutionConfigurationPlatforms) = preSolution
		Debug|Any CPU = Debug|Any CPU
		Release|Any CPU = Release|Any CPU
	EndGlobalSection
	GlobalSection(ProjectConfigurationPlatforms) = postSolution
		{6B86A539-94A4-4E92-884D-491DD3213C43}.Debug|Any CPU.ActiveCfg = Debug|Any CPU
		{6B86A539-94A4-4E92-884D-491DD3213C43}.Debug|Any CPU.Build.0 = Debug|Any CPU
		{6B86A539-94A4-4E92-884D-491DD3213C43}.Release|Any CPU.ActiveCfg = Release|Any CPU
		{6B86A539-94A4-4E92-884D-491DD3213C43}.Release|Any CPU.Build.0 = Release|Any CPU
	EndGlobalSection
	GlobalSection(SolutionProperties) = preSolution
		HideSolutionNode = FALSE
	EndGlobalSection
	GlobalSection(ExtensibilityGlobals) = postSolution
		SolutionGuid = {63E99669-5CA1-49E4-8FBC-32E4CB488925}
	EndGlobalSection
EndGlobal
